
Microsoft Visual Studio Solution File, Format Version 12.00
# Visual Studio Version 16
VisualStudioVersion = 16.0.32802.440
MinimumVisualStudioVersion = 10.0.40219.1
Project("{FAE04EC0-301F-11D3-BF4B-00C04F79EFBC}") = "ConsoleShutdownTimer", "ConsoleShutdownTimer\ConsoleShutdownTimer.csproj", "{5B806569-7F47-41A2-9DD8-B761CF372160}"
EndProject
Global
	GlobalSection(SolutionConfigurationPlatforms) = preSolution
		Debug|Any CPU = Debug|Any CPU
		Release|Any CPU = Release|Any CPU
	EndGlobalSection
	GlobalSection(ProjectConfigurationPlatforms) = postSolution
		{5B806569-7F47-41A2-9DD8-B761CF372160}.Debug|Any CPU.ActiveCfg = Debug|Any CPU
		{5B806569-7F47-41A2-9DD8-B761CF372160}.Debug|Any CPU.Build.0 = Debug|Any CPU
		{5B806569-7F47-41A2-9DD8-B761CF372160}.Release|Any CPU.ActiveCfg = Release|Any CPU
		{5B806569-7F47-41A2-9DD8-B761CF372160}.Release|Any CPU.Build.0 = Release|Any CPU
	EndGlobalSection
	GlobalSection(SolutionProperties) = preSolution
		HideSolutionNode = FALSE
	EndGlobalSection
	GlobalSection(ExtensibilityGlobals) = postSolution
		SolutionGuid = {B218A0EF-6A1F-4FC6-852E-153B15289BE9}
	EndGlobalSection
EndGlobal
